{
  "name": "monthly-schedule",
  "version": "1.0.0",
  "lockfileVersion": 3,
  "requires": true,
  "packages": {
    "": {
      "name": "monthly-schedule",
      "version": "1.0.0",
      "license": "ISC",
      "devDependencies": {
        "@types/tailwindcss": "^3.1.0"
      }
    },
    "node_modules/@types/tailwindcss": {
      "version": "3.1.0",
      "resolved": "https://registry.npmjs.org/@types/tailwindcss/-/tailwindcss-3.1.0.tgz",
      "integrity": "sha512-JxPzrm609hzvF4nmOI3StLjbBEP3WWQxDDJESqR1nh94h7gyyy3XSl0hn5RBMJ9mPudlLjtaXs5YEBtLw7CnPA==",
      "deprecated": "This is a stub types definition. tailwindcss provides its own type definitions, so you do not need this installed.",
      "dev": true,
      "dependencies": {
        "tailwindcss": "*"
      }
    },
    "node_modules/tailwindcss": {
      "version": "4.1.13",
      "resolved": "https://registry.npmjs.org/tailwindcss/-/tailwindcss-4.1.13.tgz",
      "integrity": "sha512-i+zidfmTqtwquj4hMEwdjshYYgMbOrPzb9a0M3ZgNa0JMoZeFC6bxZvO8yr8ozS6ix2SDz0+mvryPeBs2TFE+w==",
      "dev": true
    }
  }
}
